
Microsoft Visual Studio Solution File, Format Version 12.00
# Visual Studio Version 17
VisualStudioVersion = 17.9.34622.214
MinimumVisualStudioVersion = 10.0.40219.1
Project("{FAE04EC0-301F-11D3-BF4B-00C04F79EFBC}") = "safe password", "safe password.csproj", "{588FA33C-6613-4F37-A169-C48E48359C85}"
EndProject
Global
	GlobalSection(SolutionConfigurationPlatforms) = preSolution
		Debug|Any CPU = Debug|Any CPU
		Release|Any CPU = Release|Any CPU
	EndGlobalSection
	GlobalSection(ProjectConfigurationPlatforms) = postSolution
		{588FA33C-6613-4F37-A169-C48E48359C85}.Debug|Any CPU.ActiveCfg = Debug|Any CPU
		{588FA33C-6613-4F37-A169-C48E48359C85}.Debug|Any CPU.Build.0 = Debug|Any CPU
		{588FA33C-6613-4F37-A169-C48E48359C85}.Release|Any CPU.ActiveCfg = Release|Any CPU
		{588FA33C-6613-4F37-A169-C48E48359C85}.Release|Any CPU.Build.0 = Release|Any CPU
	EndGlobalSection
	GlobalSection(SolutionProperties) = preSolution
		HideSolutionNode = FALSE
	EndGlobalSection
	GlobalSection(ExtensibilityGlobals) = postSolution
		SolutionGuid = {A4BD9224-AF86-469D-92A9-D3299F3EB580}
	EndGlobalSection
EndGlobal
